# This file is automatically @generated by Cargo.
# It is not intended for manual editing.
version = 4

[[package]]
name = "fontgen"
version = "0.1.0"

[[package]]
name = "merlion-cli"
version = "0.1.0"
dependencies = [
 "merlion-render",
]

[[package]]
name = "merlion-render"
version = "0.1.0"

[[package]]
name = "merlion-wasm"
version = "0.1.0"
dependencies = [
 "merlion-render",
]
